
Microsoft Visual Studio Solution File, Format Version 12.00
# Visual Studio Version 17
VisualStudioVersion = 17.3.32922.545
MinimumVisualStudioVersion = 10.0.40219.1
Project("{54A90642-561A-4BB1-A94E-469ADEE60C69}") = "RunLikeTheWind.Web", "RunLikeTheWind.Web.esproj", "{03D16B67-6933-41AA-BC4B-D595BEED804F}"
EndProject
Project("{2150E333-8FDC-42A3-9474-1A3956D46DE8}") = "Unit Tests", "Unit Tests", "{173FFE3A-4667-490D-A5C2-351383FA4103}"
EndProject
Project("{9A19103F-16F7-4668-BE54-9A1E7A4F7556}") = "RunLikeTheWind.Domain", "src\RunLikeTheWind.Domain\RunLikeTheWind.Domain.csproj", "{9EB5B747-DDEA-4399-A42A-F39C8DF0EAFB}"
EndProject
Project("{9A19103F-16F7-4668-BE54-9A1E7A4F7556}") = "RunLikeTheWind.API", "src\RunLikeTheWindAPI\RunLikeTheWind.API.csproj", "{1685EB84-2F4E-49AA-9AE1-3027ECCBE712}"
EndProject
Project("{9A19103F-16F7-4668-BE54-9A1E7A4F7556}") = "RunLikeTheWind.Domain.Tests.Unit", "src\RunLikeTheWind.Domain.Tests.Unit\RunLikeTheWind.Domain.Tests.Unit.csproj", "{57FDB1D1-A821-43CD-91FB-3063C77D9F2E}"
EndProject
Global
	GlobalSection(SolutionConfigurationPlatforms) = preSolution
		Debug|Any CPU = Debug|Any CPU
		Release|Any CPU = Release|Any CPU
	EndGlobalSection
	GlobalSection(ProjectConfigurationPlatforms) = postSolution
		{03D16B67-6933-41AA-BC4B-D595BEED804F}.Debug|Any CPU.ActiveCfg = Debug|Any CPU
		{03D16B67-6933-41AA-BC4B-D595BEED804F}.Debug|Any CPU.Build.0 = Debug|Any CPU
		{03D16B67-6933-41AA-BC4B-D595BEED804F}.Debug|Any CPU.Deploy.0 = Debug|Any CPU
		{03D16B67-6933-41AA-BC4B-D595BEED804F}.Release|Any CPU.ActiveCfg = Release|Any CPU
		{03D16B67-6933-41AA-BC4B-D595BEED804F}.Release|Any CPU.Build.0 = Release|Any CPU
		{03D16B67-6933-41AA-BC4B-D595BEED804F}.Release|Any CPU.Deploy.0 = Release|Any CPU
		{9EB5B747-DDEA-4399-A42A-F39C8DF0EAFB}.Debug|Any CPU.ActiveCfg = Debug|Any CPU
		{9EB5B747-DDEA-4399-A42A-F39C8DF0EAFB}.Debug|Any CPU.Build.0 = Debug|Any CPU
		{9EB5B747-DDEA-4399-A42A-F39C8DF0EAFB}.Release|Any CPU.ActiveCfg = Release|Any CPU
		{9EB5B747-DDEA-4399-A42A-F39C8DF0EAFB}.Release|Any CPU.Build.0 = Release|Any CPU
		{1685EB84-2F4E-49AA-9AE1-3027ECCBE712}.Debug|Any CPU.ActiveCfg = Debug|Any CPU
		{1685EB84-2F4E-49AA-9AE1-3027ECCBE712}.Debug|Any CPU.Build.0 = Debug|Any CPU
		{1685EB84-2F4E-49AA-9AE1-3027ECCBE712}.Release|Any CPU.ActiveCfg = Release|Any CPU
		{1685EB84-2F4E-49AA-9AE1-3027ECCBE712}.Release|Any CPU.Build.0 = Release|Any CPU
		{57FDB1D1-A821-43CD-91FB-3063C77D9F2E}.Debug|Any CPU.ActiveCfg = Debug|Any CPU
		{57FDB1D1-A821-43CD-91FB-3063C77D9F2E}.Debug|Any CPU.Build.0 = Debug|Any CPU
		{57FDB1D1-A821-43CD-91FB-3063C77D9F2E}.Release|Any CPU.ActiveCfg = Release|Any CPU
		{57FDB1D1-A821-43CD-91FB-3063C77D9F2E}.Release|Any CPU.Build.0 = Release|Any CPU
	EndGlobalSection
	GlobalSection(SolutionProperties) = preSolution
		HideSolutionNode = FALSE
	EndGlobalSection
	GlobalSection(NestedProjects) = preSolution
		{57FDB1D1-A821-43CD-91FB-3063C77D9F2E} = {173FFE3A-4667-490D-A5C2-351383FA4103}
	EndGlobalSection
	GlobalSection(ExtensibilityGlobals) = postSolution
		SolutionGuid = {B6765963-DC65-4025-BE35-61B318A90ACD}
	EndGlobalSection
EndGlobal
